
Microsoft Visual Studio Solution File, Format Version 12.00
# Visual Studio Version 16
VisualStudioVersion = 16.0.30011.22
MinimumVisualStudioVersion = 10.0.40219.1
Project("{2150E333-8FDC-42A3-9474-1A3956D46DE8}") = "Problems", "Problems", "{BBB5F231-DDE8-486F-B86C-05B834096EB2}"
EndProject
Project("{9A19103F-16F7-4668-BE54-9A1E7A4F7556}") = "2.AddTwoNumber", "2.AddTwoNumber\2.AddTwoNumber.csproj", "{7D2B5DDE-A30E-4CF6-B51A-E2D7E04265CC}"
EndProject
Project("{9A19103F-16F7-4668-BE54-9A1E7A4F7556}") = "1.TwoSum", "1.TwoSum\1.TwoSum.csproj", "{BE6C2A2F-8B04-4650-9B55-82460871AC8F}"
EndProject
Project("{9A19103F-16F7-4668-BE54-9A1E7A4F7556}") = "3.LongestSubstringWithoutRepeatingCharacters", "3.LongestSubstringWithoutRepeatingCharacters\3.LongestSubstringWithoutRepeatingCharacters.csproj", "{392BCCCA-7369-4347-AFE3-5F7A3A5BEA9B}"
EndProject
Project("{9A19103F-16F7-4668-BE54-9A1E7A4F7556}") = "7.ReverseInteger", "7.ReverseInteger\7.ReverseInteger.csproj", "{7C70D611-AFEC-4046-8910-3332A975FE32}"
EndProject
Project("{9A19103F-16F7-4668-BE54-9A1E7A4F7556}") = "9.PalindromeNumber", "9.PalindromeNumber\9.PalindromeNumber.csproj", "{A1C82CD0-369F-4F8B-AC74-11CA6EF10F86}"
EndProject
Project("{9A19103F-16F7-4668-BE54-9A1E7A4F7556}") = "13.RomanToInteger", "13.RomanToInteger\13.RomanToInteger.csproj", "{ABC8AA14-1E40-4281-A993-FA6DE19F3790}"
EndProject
Project("{9A19103F-16F7-4668-BE54-9A1E7A4F7556}") = "14.LongestCommonPrefix", "14.LongestCommonPrefix\14.LongestCommonPrefix.csproj", "{1D61AFF0-FA01-4A52-8DAD-F6FF4EC1024E}"
EndProject
Project("{9A19103F-16F7-4668-BE54-9A1E7A4F7556}") = "20.ValidParentheses", "20.ValidParentheses\20.ValidParentheses.csproj", "{81358947-21F1-45E5-BC58-5B89CBB3E721}"
EndProject
Project("{FAE04EC0-301F-11D3-BF4B-00C04F79EFBC}") = "21.MergeTwoSortedLists", "21.MergeTwoSortedLists\21.MergeTwoSortedLists.csproj", "{D6736C55-9AC0-4ED1-90F5-CD9B72EB3EA6}"
EndProject
Project("{FAE04EC0-301F-11D3-BF4B-00C04F79EFBC}") = "6.ZigZagConversion", "6.ZigZagConversion\6.ZigZagConversion.csproj", "{F3965DA3-2946-4830-9DF6-A4DF3B91C418}"
EndProject
Global
	GlobalSection(SolutionConfigurationPlatforms) = preSolution
		Debug|Any CPU = Debug|Any CPU
		Release|Any CPU = Release|Any CPU
	EndGlobalSection
	GlobalSection(ProjectConfigurationPlatforms) = postSolution
		{7D2B5DDE-A30E-4CF6-B51A-E2D7E04265CC}.Debug|Any CPU.ActiveCfg = Debug|Any CPU
		{7D2B5DDE-A30E-4CF6-B51A-E2D7E04265CC}.Debug|Any CPU.Build.0 = Debug|Any CPU
		{7D2B5DDE-A30E-4CF6-B51A-E2D7E04265CC}.Release|Any CPU.ActiveCfg = Release|Any CPU
		{7D2B5DDE-A30E-4CF6-B51A-E2D7E04265CC}.Release|Any CPU.Build.0 = Release|Any CPU
		{BE6C2A2F-8B04-4650-9B55-82460871AC8F}.Debug|Any CPU.ActiveCfg = Debug|Any CPU
		{BE6C2A2F-8B04-4650-9B55-82460871AC8F}.Debug|Any CPU.Build.0 = Debug|Any CPU
		{BE6C2A2F-8B04-4650-9B55-82460871AC8F}.Release|Any CPU.ActiveCfg = Release|Any CPU
		{BE6C2A2F-8B04-4650-9B55-82460871AC8F}.Release|Any CPU.Build.0 = Release|Any CPU
		{392BCCCA-7369-4347-AFE3-5F7A3A5BEA9B}.Debug|Any CPU.ActiveCfg = Debug|Any CPU
		{392BCCCA-7369-4347-AFE3-5F7A3A5BEA9B}.Debug|Any CPU.Build.0 = Debug|Any CPU
		{392BCCCA-7369-4347-AFE3-5F7A3A5BEA9B}.Release|Any CPU.ActiveCfg = Release|Any CPU
		{392BCCCA-7369-4347-AFE3-5F7A3A5BEA9B}.Release|Any CPU.Build.0 = Release|Any CPU
		{7C70D611-AFEC-4046-8910-3332A975FE32}.Debug|Any CPU.ActiveCfg = Debug|Any CPU
		{7C70D611-AFEC-4046-8910-3332A975FE32}.Debug|Any CPU.Build.0 = Debug|Any CPU
		{7C70D611-AFEC-4046-8910-3332A975FE32}.Release|Any CPU.ActiveCfg = Release|Any CPU
		{7C70D611-AFEC-4046-8910-3332A975FE32}.Release|Any CPU.Build.0 = Release|Any CPU
		{A1C82CD0-369F-4F8B-AC74-11CA6EF10F86}.Debug|Any CPU.ActiveCfg = Debug|Any CPU
		{A1C82CD0-369F-4F8B-AC74-11CA6EF10F86}.Debug|Any CPU.Build.0 = Debug|Any CPU
		{A1C82CD0-369F-4F8B-AC74-11CA6EF10F86}.Release|Any CPU.ActiveCfg = Release|Any CPU
		{A1C82CD0-369F-4F8B-AC74-11CA6EF10F86}.Release|Any CPU.Build.0 = Release|Any CPU
		{ABC8AA14-1E40-4281-A993-FA6DE19F3790}.Debug|Any CPU.ActiveCfg = Debug|Any CPU
		{ABC8AA14-1E40-4281-A993-FA6DE19F3790}.Debug|Any CPU.Build.0 = Debug|Any CPU
		{ABC8AA14-1E40-4281-A993-FA6DE19F3790}.Release|Any CPU.ActiveCfg = Release|Any CPU
		{ABC8AA14-1E40-4281-A993-FA6DE19F3790}.Release|Any CPU.Build.0 = Release|Any CPU
		{1D61AFF0-FA01-4A52-8DAD-F6FF4EC1024E}.Debug|Any CPU.ActiveCfg = Debug|Any CPU
		{1D61AFF0-FA01-4A52-8DAD-F6FF4EC1024E}.Debug|Any CPU.Build.0 = Debug|Any CPU
		{1D61AFF0-FA01-4A52-8DAD-F6FF4EC1024E}.Release|Any CPU.ActiveCfg = Release|Any CPU
		{1D61AFF0-FA01-4A52-8DAD-F6FF4EC1024E}.Release|Any CPU.Build.0 = Release|Any CPU
		{81358947-21F1-45E5-BC58-5B89CBB3E721}.Debug|Any CPU.ActiveCfg = Debug|Any CPU
		{81358947-21F1-45E5-BC58-5B89CBB3E721}.Debug|Any CPU.Build.0 = Debug|Any CPU
		{81358947-21F1-45E5-BC58-5B89CBB3E721}.Release|Any CPU.ActiveCfg = Release|Any CPU
		{81358947-21F1-45E5-BC58-5B89CBB3E721}.Release|Any CPU.Build.0 = Release|Any CPU
		{D6736C55-9AC0-4ED1-90F5-CD9B72EB3EA6}.Debug|Any CPU.ActiveCfg = Debug|Any CPU
		{D6736C55-9AC0-4ED1-90F5-CD9B72EB3EA6}.Debug|Any CPU.Build.0 = Debug|Any CPU
		{D6736C55-9AC0-4ED1-90F5-CD9B72EB3EA6}.Release|Any CPU.ActiveCfg = Release|Any CPU
		{D6736C55-9AC0-4ED1-90F5-CD9B72EB3EA6}.Release|Any CPU.Build.0 = Release|Any CPU
		{F3965DA3-2946-4830-9DF6-A4DF3B91C418}.Debug|Any CPU.ActiveCfg = Debug|Any CPU
		{F3965DA3-2946-4830-9DF6-A4DF3B91C418}.Debug|Any CPU.Build.0 = Debug|Any CPU
		{F3965DA3-2946-4830-9DF6-A4DF3B91C418}.Release|Any CPU.ActiveCfg = Release|Any CPU
		{F3965DA3-2946-4830-9DF6-A4DF3B91C418}.Release|Any CPU.Build.0 = Release|Any CPU
	EndGlobalSection
	GlobalSection(SolutionProperties) = preSolution
		HideSolutionNode = FALSE
	EndGlobalSection
	GlobalSection(NestedProjects) = preSolution
		{7D2B5DDE-A30E-4CF6-B51A-E2D7E04265CC} = {BBB5F231-DDE8-486F-B86C-05B834096EB2}
		{BE6C2A2F-8B04-4650-9B55-82460871AC8F} = {BBB5F231-DDE8-486F-B86C-05B834096EB2}
		{392BCCCA-7369-4347-AFE3-5F7A3A5BEA9B} = {BBB5F231-DDE8-486F-B86C-05B834096EB2}
		{7C70D611-AFEC-4046-8910-3332A975FE32} = {BBB5F231-DDE8-486F-B86C-05B834096EB2}
		{A1C82CD0-369F-4F8B-AC74-11CA6EF10F86} = {BBB5F231-DDE8-486F-B86C-05B834096EB2}
		{ABC8AA14-1E40-4281-A993-FA6DE19F3790} = {BBB5F231-DDE8-486F-B86C-05B834096EB2}
		{1D61AFF0-FA01-4A52-8DAD-F6FF4EC1024E} = {BBB5F231-DDE8-486F-B86C-05B834096EB2}
		{81358947-21F1-45E5-BC58-5B89CBB3E721} = {BBB5F231-DDE8-486F-B86C-05B834096EB2}
		{D6736C55-9AC0-4ED1-90F5-CD9B72EB3EA6} = {BBB5F231-DDE8-486F-B86C-05B834096EB2}
		{F3965DA3-2946-4830-9DF6-A4DF3B91C418} = {BBB5F231-DDE8-486F-B86C-05B834096EB2}
	EndGlobalSection
	GlobalSection(ExtensibilityGlobals) = postSolution
		SolutionGuid = {3E43E9BD-CAE4-4247-B202-AE8EBD709772}
	EndGlobalSection
EndGlobal
